{
  "name": "iat-dashboard",
  "version": "1.0.0",
  "lockfileVersion": 1,
  "requires": true,
  "dependencies": {
    "fsevents": {
      "version": "2.1.3",
      "resolved": "https://registry.npmjs.org/fsevents/-/fsevents-2.1.3.tgz",
      "integrity": "sha512-Auw9a4AxqWpa9GUfj370BMPzzyncfBABW8Mab7BGWBYDj4Isgq+cDKtx0i6u9jcX9pQDnswsaaOTgTmA5pEjuQ==",
      "optional": true
    },
    "mithril": {
      "version": "0.2.8",
      "resolved": "https://registry.npmjs.org/mithril/-/mithril-0.2.8.tgz",
      "integrity": "sha512-9XuGnVmS2OyFexUuP/CcJFFJjHLM+RGYBxyVRNyQ6khbMfDJIF/xyZ4zq18ZRfPagpFmWUFpjHd5ZqPULGZyNg=="
    },
    "rollup": {
      "version": "2.32.1",
      "resolved": "https://registry.npmjs.org/rollup/-/rollup-2.32.1.tgz",
      "integrity": "sha512-Op2vWTpvK7t6/Qnm1TTh7VjEZZkN8RWgf0DHbkKzQBwNf748YhXbozHVefqpPp/Fuyk/PQPAnYsBxAEtlMvpUw==",
      "requires": {
        "fsevents": "~2.1.2"
      }
    }
  }
}
